// !$*UTF8*$!
{
	archiveVersion = 1;
	classes = {
	};
	objectVersion = 55;
	objects = {

/* Begin PBXBuildFile section */
		1D8E1E13277E1B3B0073504C /* AppDelegate.swift in Sources */ = {isa = PBXBuildFile; fileRef = 1D8E1E12277E1B3B0073504C /* AppDelegate.swift */; };
		1D8E1E17277E1B3D0073504C /* Assets.xcassets in Resources */ = {isa = PBXBuildFile; fileRef = 1D8E1E16277E1B3D0073504C /* Assets.xcassets */; };
		1D8E1E29277E21C80073504C /* OrionWindowController.swift in Sources */ = {isa = PBXBuildFile; fileRef = 1D8E1E28277E21C80073504C /* OrionWindowController.swift */; };
		1D8E1E34277E5C660073504C /* main.swift in Sources */ = {isa = PBXBuildFile; fileRef = 1D8E1E33277E5C660073504C /* main.swift */; };
		1D8E1E38277E69D10073504C /* OrionWindowController+NSToolbarDelegate.swift in Sources */ = {isa = PBXBuildFile; fileRef = 1D8E1E37277E69D10073504C /* OrionWindowController+NSToolbarDelegate.swift */; };
		1D8E1E3D277E731D0073504C /* OrionMenu.swift in Sources */ = {isa = PBXBuildFile; fileRef = 1D8E1E3C277E731D0073504C /* OrionMenu.swift */; };
		1D8E1E44277EC03E0073504C /* OrionTabbedLocationViewController.swift in Sources */ = {isa = PBXBuildFile; fileRef = 1D8E1E43277EC03E0073504C /* OrionTabbedLocationViewController.swift */; };
		1D8E1E47277EC9400073504C /* OrionSearchFieldController.swift in Sources */ = {isa = PBXBuildFile; fileRef = 1D8E1E46277EC9400073504C /* OrionSearchFieldController.swift */; };
		1D8E1E4B277F740B0073504C /* OrionDelegates.swift in Sources */ = {isa = PBXBuildFile; fileRef = 1D8E1E4A277F740B0073504C /* OrionDelegates.swift */; };
		1D8E1E56277FABEC0073504C /* OrionSearchField.swift in Sources */ = {isa = PBXBuildFile; fileRef = 1D8E1E55277FABEC0073504C /* OrionSearchField.swift */; };
		1D8E1E59277FC6D30073504C /* OrionSearchFieldController+OrionSearchFieldDelegate.swift in Sources */ = {isa = PBXBuildFile; fileRef = 1D8E1E58277FC6D30073504C /* OrionSearchFieldController+OrionSearchFieldDelegate.swift */; };
		1D8E1E5F277FE0E00073504C /* OrionWindowController+OrionTabbedLocationViewControllerDelegate.swift in Sources */ = {isa = PBXBuildFile; fileRef = 1D8E1E5E277FE0E00073504C /* OrionWindowController+OrionTabbedLocationViewControllerDelegate.swift */; };
		1D8E1E61277FFF080073504C /* OrionTabbedLocationVIewController+OrionSearchFieldControllerDelegate.swift in Sources */ = {isa = PBXBuildFile; fileRef = 1D8E1E60277FFF080073504C /* OrionTabbedLocationVIewController+OrionSearchFieldControllerDelegate.swift */; };
		1D8E1E72278121710073504C /* OrionWindowController+WKUIDelegate.swift in Sources */ = {isa = PBXBuildFile; fileRef = 1D8E1E71278121710073504C /* OrionWindowController+WKUIDelegate.swift */; };
		1DCBAB5327823F8F00D0342A /* OrionExtensionManager.swift in Sources */ = {isa = PBXBuildFile; fileRef = 1DCBAB5227823F8F00D0342A /* OrionExtensionManager.swift */; };
		1DCBAB602782542100D0342A /* WKUserScript+loadJavascript.swift in Sources */ = {isa = PBXBuildFile; fileRef = 1DCBAB5F2782542100D0342A /* WKUserScript+loadJavascript.swift */; };
		1DCBAB642782586300D0342A /* OrionUserContentController.swift in Sources */ = {isa = PBXBuildFile; fileRef = 1DCBAB632782586300D0342A /* OrionUserContentController.swift */; };
		1DCBAB662782637E00D0342A /* OrionTopSitesAPI.swift in Sources */ = {isa = PBXBuildFile; fileRef = 1DCBAB652782637E00D0342A /* OrionTopSitesAPI.swift */; };
		1DCBAB6827827CDF00D0342A /* OrionTabbedLocationViewController+WKNavigationDelegate.swift in Sources */ = {isa = PBXBuildFile; fileRef = 1DCBAB6727827CDF00D0342A /* OrionTabbedLocationViewController+WKNavigationDelegate.swift */; };
		1DCBAB6E27829DB300D0342A /* OrionBaseAPI.swift in Sources */ = {isa = PBXBuildFile; fileRef = 1DCBAB6D27829DB300D0342A /* OrionBaseAPI.swift */; };
		1DCBAB732782AF7200D0342A /* String.swift in Sources */ = {isa = PBXBuildFile; fileRef = 1DCBAB722782AF7200D0342A /* String.swift */; };
		1DCBAB762782C4C200D0342A /* OrionBrowserExtension.swift in Sources */ = {isa = PBXBuildFile; fileRef = 1DCBAB752782C4C200D0342A /* OrionBrowserExtension.swift */; };
		1DCBAB782783642200D0342A /* MozillaExtensionManifest.swift in Sources */ = {isa = PBXBuildFile; fileRef = 1DCBAB772783642200D0342A /* MozillaExtensionManifest.swift */; };
		1DCBAB7F2783B20E00D0342A /* ZIPFoundation in Frameworks */ = {isa = PBXBuildFile; productRef = 1DCBAB7E2783B20E00D0342A /* ZIPFoundation */; };
		1DCBAB822783BAF200D0342A /* browserObject.js in Resources */ = {isa = PBXBuildFile; fileRef = 1DCBAB812783BAF200D0342A /* browserObject.js */; };
		1DCBAB842783BB1F00D0342A /* changeDownloadName.js in Resources */ = {isa = PBXBuildFile; fileRef = 1DCBAB832783BB1F00D0342A /* changeDownloadName.js */; };
		1DCBAB862783C2D400D0342A /* OrionBrowserExtensionError.swift in Sources */ = {isa = PBXBuildFile; fileRef = 1DCBAB852783C2D400D0342A /* OrionBrowserExtensionError.swift */; };
		1DCBAB882783D39800D0342A /* FileManager.swift in Sources */ = {isa = PBXBuildFile; fileRef = 1DCBAB872783D39800D0342A /* FileManager.swift */; };
		1DCBAB8B2783EDA300D0342A /* NSToolbarItem.swift in Sources */ = {isa = PBXBuildFile; fileRef = 1DCBAB8A2783EDA300D0342A /* NSToolbarItem.swift */; };
/* End PBXBuildFile section */

/* Begin PBXFileReference section */
		1D8E1E0F277E1B3B0073504C /* Orion.app */ = {isa = PBXFileReference; explicitFileType = wrapper.application; includeInIndex = 0; path = Orion.app; sourceTree = BUILT_PRODUCTS_DIR; };
		1D8E1E12277E1B3B0073504C /* AppDelegate.swift */ = {isa = PBXFileReference; lastKnownFileType = sourcecode.swift; path = AppDelegate.swift; sourceTree = "<group>"; };
		1D8E1E16277E1B3D0073504C /* Assets.xcassets */ = {isa = PBXFileReference; lastKnownFileType = folder.assetcatalog; path = Assets.xcassets; sourceTree = "<group>"; };
		1D8E1E1B277E1B3D0073504C /* Orion.entitlements */ = {isa = PBXFileReference; lastKnownFileType = text.plist.entitlements; path = Orion.entitlements; sourceTree = "<group>"; };
		1D8E1E28277E21C80073504C /* OrionWindowController.swift */ = {isa = PBXFileReference; lastKnownFileType = sourcecode.swift; path = OrionWindowController.swift; sourceTree = "<group>"; };
		1D8E1E33277E5C660073504C /* main.swift */ = {isa = PBXFileReference; lastKnownFileType = sourcecode.swift; path = main.swift; sourceTree = "<group>"; };
		1D8E1E37277E69D10073504C /* OrionWindowController+NSToolbarDelegate.swift */ = {isa = PBXFileReference; lastKnownFileType = sourcecode.swift; path = "OrionWindowController+NSToolbarDelegate.swift"; sourceTree = "<group>"; };
		1D8E1E3C277E731D0073504C /* OrionMenu.swift */ = {isa = PBXFileReference; lastKnownFileType = sourcecode.swift; path = OrionMenu.swift; sourceTree = "<group>"; };
		1D8E1E43277EC03E0073504C /* OrionTabbedLocationViewController.swift */ = {isa = PBXFileReference; lastKnownFileType = sourcecode.swift; path = OrionTabbedLocationViewController.swift; sourceTree = "<group>"; };
		1D8E1E46277EC9400073504C /* OrionSearchFieldController.swift */ = {isa = PBXFileReference; lastKnownFileType = sourcecode.swift; path = OrionSearchFieldController.swift; sourceTree = "<group>"; };
		1D8E1E4A277F740B0073504C /* OrionDelegates.swift */ = {isa = PBXFileReference; lastKnownFileType = sourcecode.swift; path = OrionDelegates.swift; sourceTree = "<group>"; };
		1D8E1E55277FABEC0073504C /* OrionSearchField.swift */ = {isa = PBXFileReference; lastKnownFileType = sourcecode.swift; path = OrionSearchField.swift; sourceTree = "<group>"; };
		1D8E1E58277FC6D30073504C /* OrionSearchFieldController+OrionSearchFieldDelegate.swift */ = {isa = PBXFileReference; lastKnownFileType = sourcecode.swift; path = "OrionSearchFieldController+OrionSearchFieldDelegate.swift"; sourceTree = "<group>"; };
		1D8E1E5E277FE0E00073504C /* OrionWindowController+OrionTabbedLocationViewControllerDelegate.swift */ = {isa = PBXFileReference; lastKnownFileType = sourcecode.swift; path = "OrionWindowController+OrionTabbedLocationViewControllerDelegate.swift"; sourceTree = "<group>"; };
		1D8E1E60277FFF080073504C /* OrionTabbedLocationVIewController+OrionSearchFieldControllerDelegate.swift */ = {isa = PBXFileReference; lastKnownFileType = sourcecode.swift; path = "OrionTabbedLocationVIewController+OrionSearchFieldControllerDelegate.swift"; sourceTree = "<group>"; };
		1D8E1E71278121710073504C /* OrionWindowController+WKUIDelegate.swift */ = {isa = PBXFileReference; lastKnownFileType = sourcecode.swift; path = "OrionWindowController+WKUIDelegate.swift"; sourceTree = "<group>"; };
		1DCBAB5227823F8F00D0342A /* OrionExtensionManager.swift */ = {isa = PBXFileReference; lastKnownFileType = sourcecode.swift; path = OrionExtensionManager.swift; sourceTree = "<group>"; };
		1DCBAB5F2782542100D0342A /* WKUserScript+loadJavascript.swift */ = {isa = PBXFileReference; lastKnownFileType = sourcecode.swift; path = "WKUserScript+loadJavascript.swift"; sourceTree = "<group>"; };
		1DCBAB632782586300D0342A /* OrionUserContentController.swift */ = {isa = PBXFileReference; lastKnownFileType = sourcecode.swift; path = OrionUserContentController.swift; sourceTree = "<group>"; };
		1DCBAB652782637E00D0342A /* OrionTopSitesAPI.swift */ = {isa = PBXFileReference; lastKnownFileType = sourcecode.swift; path = OrionTopSitesAPI.swift; sourceTree = "<group>"; };
		1DCBAB6727827CDF00D0342A /* OrionTabbedLocationViewController+WKNavigationDelegate.swift */ = {isa = PBXFileReference; lastKnownFileType = sourcecode.swift; path = "OrionTabbedLocationViewController+WKNavigationDelegate.swift"; sourceTree = "<group>"; };
		1DCBAB6D27829DB300D0342A /* OrionBaseAPI.swift */ = {isa = PBXFileReference; lastKnownFileType = sourcecode.swift; path = OrionBaseAPI.swift; sourceTree = "<group>"; };
		1DCBAB722782AF7200D0342A /* String.swift */ = {isa = PBXFileReference; lastKnownFileType = sourcecode.swift; path = String.swift; sourceTree = "<group>"; };
		1DCBAB752782C4C200D0342A /* OrionBrowserExtension.swift */ = {isa = PBXFileReference; lastKnownFileType = sourcecode.swift; path = OrionBrowserExtension.swift; sourceTree = "<group>"; };
		1DCBAB772783642200D0342A /* MozillaExtensionManifest.swift */ = {isa = PBXFileReference; lastKnownFileType = sourcecode.swift; path = MozillaExtensionManifest.swift; sourceTree = "<group>"; };
		1DCBAB812783BAF200D0342A /* browserObject.js */ = {isa = PBXFileReference; lastKnownFileType = sourcecode.javascript; path = browserObject.js; sourceTree = "<group>"; };
		1DCBAB832783BB1F00D0342A /* changeDownloadName.js */ = {isa = PBXFileReference; lastKnownFileType = sourcecode.javascript; path = changeDownloadName.js; sourceTree = "<group>"; };
		1DCBAB852783C2D400D0342A /* OrionBrowserExtensionError.swift */ = {isa = PBXFileReference; lastKnownFileType = sourcecode.swift; path = OrionBrowserExtensionError.swift; sourceTree = "<group>"; };
		1DCBAB872783D39800D0342A /* FileManager.swift */ = {isa = PBXFileReference; lastKnownFileType = sourcecode.swift; path = FileManager.swift; sourceTree = "<group>"; };
		1DCBAB8A2783EDA300D0342A /* NSToolbarItem.swift */ = {isa = PBXFileReference; lastKnownFileType = sourcecode.swift; path = NSToolbarItem.swift; sourceTree = "<group>"; };
/* End PBXFileReference section */

/* Begin PBXFrameworksBuildPhase section */
		1D8E1E0C277E1B3B0073504C /* Frameworks */ = {
			isa = PBXFrameworksBuildPhase;
			buildActionMask = 2147483647;
			files = (
				1DCBAB7F2783B20E00D0342A /* ZIPFoundation in Frameworks */,
			);
			runOnlyForDeploymentPostprocessing = 0;
		};
/* End PBXFrameworksBuildPhase section */

/* Begin PBXGroup section */
		1D8E1E06277E1B3B0073504C = {
			isa = PBXGroup;
			children = (
				1D8E1E11277E1B3B0073504C /* Orion */,
				1D8E1E10277E1B3B0073504C /* Products */,
			);
			sourceTree = "<group>";
		};
		1D8E1E10277E1B3B0073504C /* Products */ = {
			isa = PBXGroup;
			children = (
				1D8E1E0F277E1B3B0073504C /* Orion.app */,
			);
			name = Products;
			sourceTree = "<group>";
		};
		1D8E1E11277E1B3B0073504C /* Orion */ = {
			isa = PBXGroup;
			children = (
				1DCBAB892783E5D000D0342A /* Delegates */,
				1DCBAB802783BABC00D0342A /* Packaged Resources */,
				1DCBAB712782AF5B00D0342A /* Extensions */,
				1D8E1E7027810DF30073504C /* Extensions and Content Injection */,
				1D8E1E50277F89510073504C /* Main Window Controller */,
				1D8E1E31277E596C0073504C /* Toolbar */,
				1D8E1E3C277E731D0073504C /* OrionMenu.swift */,
				1D8E1E12277E1B3B0073504C /* AppDelegate.swift */,
				1D8E1E16277E1B3D0073504C /* Assets.xcassets */,
				1D8E1E1B277E1B3D0073504C /* Orion.entitlements */,
				1D8E1E33277E5C660073504C /* main.swift */,
			);
			path = Orion;
			sourceTree = "<group>";
		};
		1D8E1E31277E596C0073504C /* Toolbar */ = {
			isa = PBXGroup;
			children = (
				1D8E1E57277FC5F50073504C /* Search Field and Tabs */,
			);
			path = Toolbar;
			sourceTree = "<group>";
		};
		1D8E1E50277F89510073504C /* Main Window Controller */ = {
			isa = PBXGroup;
			children = (
				1D8E1E62278015740073504C /* Extensions */,
				1D8E1E28277E21C80073504C /* OrionWindowController.swift */,
			);
			path = "Main Window Controller";
			sourceTree = "<group>";
		};
		1D8E1E57277FC5F50073504C /* Search Field and Tabs */ = {
			isa = PBXGroup;
			children = (
				1D8E1E63278015860073504C /* Extensions */,
				1D8E1E55277FABEC0073504C /* OrionSearchField.swift */,
				1D8E1E46277EC9400073504C /* OrionSearchFieldController.swift */,
				1D8E1E43277EC03E0073504C /* OrionTabbedLocationViewController.swift */,
			);
			path = "Search Field and Tabs";
			sourceTree = "<group>";
		};
		1D8E1E62278015740073504C /* Extensions */ = {
			isa = PBXGroup;
			children = (
				1D8E1E37277E69D10073504C /* OrionWindowController+NSToolbarDelegate.swift */,
				1D8E1E5E277FE0E00073504C /* OrionWindowController+OrionTabbedLocationViewControllerDelegate.swift */,
				1D8E1E71278121710073504C /* OrionWindowController+WKUIDelegate.swift */,
			);
			path = Extensions;
			sourceTree = "<group>";
		};
		1D8E1E63278015860073504C /* Extensions */ = {
			isa = PBXGroup;
			children = (
				1DCBAB6727827CDF00D0342A /* OrionTabbedLocationViewController+WKNavigationDelegate.swift */,
				1D8E1E58277FC6D30073504C /* OrionSearchFieldController+OrionSearchFieldDelegate.swift */,
				1D8E1E60277FFF080073504C /* OrionTabbedLocationVIewController+OrionSearchFieldControllerDelegate.swift */,
			);
			path = Extensions;
			sourceTree = "<group>";
		};
		1D8E1E7027810DF30073504C /* Extensions and Content Injection */ = {
			isa = PBXGroup;
			children = (
				1DCBAB772783642200D0342A /* MozillaExtensionManifest.swift */,
				1DCBAB6F2782AB2000D0342A /* Protocols */,
				1DCBAB5E2782540800D0342A /* Extensions */,
				1DCBAB5A27824F5000D0342A /* APIs */,
				1DCBAB632782586300D0342A /* OrionUserContentController.swift */,
				1DCBAB752782C4C200D0342A /* OrionBrowserExtension.swift */,
				1DCBAB852783C2D400D0342A /* OrionBrowserExtensionError.swift */,
				1DCBAB5227823F8F00D0342A /* OrionExtensionManager.swift */,
			);
			path = "Extensions and Content Injection";
			sourceTree = "<group>";
		};
		1DCBAB5A27824F5000D0342A /* APIs */ = {
			isa = PBXGroup;
			children = (
				1DCBAB652782637E00D0342A /* OrionTopSitesAPI.swift */,
			);
			path = APIs;
			sourceTree = "<group>";
		};
		1DCBAB5E2782540800D0342A /* Extensions */ = {
			isa = PBXGroup;
			children = (
				1DCBAB5F2782542100D0342A /* WKUserScript+loadJavascript.swift */,
			);
			path = Extensions;
			sourceTree = "<group>";
		};
		1DCBAB6F2782AB2000D0342A /* Protocols */ = {
			isa = PBXGroup;
			children = (
				1DCBAB6D27829DB300D0342A /* OrionBaseAPI.swift */,
			);
			path = Protocols;
			sourceTree = "<group>";
		};
		1DCBAB712782AF5B00D0342A /* Extensions */ = {
			isa = PBXGroup;
			children = (
				1DCBAB722782AF7200D0342A /* String.swift */,
				1DCBAB872783D39800D0342A /* FileManager.swift */,
				1DCBAB8A2783EDA300D0342A /* NSToolbarItem.swift */,
			);
			path = Extensions;
			sourceTree = "<group>";
		};
		1DCBAB802783BABC00D0342A /* Packaged Resources */ = {
			isa = PBXGroup;
			children = (
				1DCBAB812783BAF200D0342A /* browserObject.js */,
				1DCBAB832783BB1F00D0342A /* changeDownloadName.js */,
			);
			path = "Packaged Resources";
			sourceTree = "<group>";
		};
		1DCBAB892783E5D000D0342A /* Delegates */ = {
			isa = PBXGroup;
			children = (
				1D8E1E4A277F740B0073504C /* OrionDelegates.swift */,
			);
			path = Delegates;
			sourceTree = "<group>";
		};
/* End PBXGroup section */

/* Begin PBXNativeTarget section */
		1D8E1E0E277E1B3B0073504C /* Orion */ = {
			isa = PBXNativeTarget;
			buildConfigurationList = 1D8E1E1E277E1B3D0073504C /* Build configuration list for PBXNativeTarget "Orion" */;
			buildPhases = (
				1DCBAB4627813CCD00D0342A /* ShellScript */,
				1D8E1E0B277E1B3B0073504C /* Sources */,
				1D8E1E0C277E1B3B0073504C /* Frameworks */,
				1D8E1E0D277E1B3B0073504C /* Resources */,
			);
			buildRules = (
			);
			dependencies = (
			);
			name = Orion;
			packageProductDependencies = (
				1DCBAB7E2783B20E00D0342A /* ZIPFoundation */,
			);
			productName = Orion;
			productReference = 1D8E1E0F277E1B3B0073504C /* Orion.app */;
			productType = "com.apple.product-type.application";
		};
/* End PBXNativeTarget section */

/* Begin PBXProject section */
		1D8E1E07277E1B3B0073504C /* Project object */ = {
			isa = PBXProject;
			attributes = {
				BuildIndependentTargetsInParallel = 1;
				LastSwiftUpdateCheck = 1320;
				LastUpgradeCheck = 1320;
				TargetAttributes = {
					1D8E1E0E277E1B3B0073504C = {
						CreatedOnToolsVersion = 13.2.1;
					};
				};
			};
			buildConfigurationList = 1D8E1E0A277E1B3B0073504C /* Build configuration list for PBXProject "Orion" */;
			compatibilityVersion = "Xcode 13.0";
			developmentRegion = en;
			hasScannedForEncodings = 0;
			knownRegions = (
				en,
				Base,
			);
			mainGroup = 1D8E1E06277E1B3B0073504C;
			packageReferences = (
				1DCBAB7D2783B20E00D0342A /* XCRemoteSwiftPackageReference "ZIPFoundation" */,
			);
			productRefGroup = 1D8E1E10277E1B3B0073504C /* Products */;
			projectDirPath = "";
			projectRoot = "";
			targets = (
				1D8E1E0E277E1B3B0073504C /* Orion */,
			);
		};
/* End PBXProject section */

/* Begin PBXResourcesBuildPhase section */
		1D8E1E0D277E1B3B0073504C /* Resources */ = {
			isa = PBXResourcesBuildPhase;
			buildActionMask = 2147483647;
			files = (
				1D8E1E17277E1B3D0073504C /* Assets.xcassets in Resources */,
				1DCBAB822783BAF200D0342A /* browserObject.js in Resources */,
				1DCBAB842783BB1F00D0342A /* changeDownloadName.js in Resources */,
			);
			runOnlyForDeploymentPostprocessing = 0;
		};
/* End PBXResourcesBuildPhase section */

/* Begin PBXShellScriptBuildPhase section */
		1DCBAB4627813CCD00D0342A /* ShellScript */ = {
			isa = PBXShellScriptBuildPhase;
			buildActionMask = 2147483647;
			files = (
			);
			inputFileListPaths = (
			);
			inputPaths = (
			);
			outputFileListPaths = (
			);
			outputPaths = (
			);
			runOnlyForDeploymentPostprocessing = 0;
			shellPath = /bin/sh;
			shellScript = "if which swiftlint >/dev/null; then\n  swiftlint --fix && swiftlint\nelse\n  echo \"warning: SwiftLint not installed, download from https://github.com/realm/SwiftLint\"\nfi\n";
		};
/* End PBXShellScriptBuildPhase section */

/* Begin PBXSourcesBuildPhase section */
		1D8E1E0B277E1B3B0073504C /* Sources */ = {
			isa = PBXSourcesBuildPhase;
			buildActionMask = 2147483647;
			files = (
				1D8E1E59277FC6D30073504C /* OrionSearchFieldController+OrionSearchFieldDelegate.swift in Sources */,
				1DCBAB642782586300D0342A /* OrionUserContentController.swift in Sources */,
				1D8E1E61277FFF080073504C /* OrionTabbedLocationVIewController+OrionSearchFieldControllerDelegate.swift in Sources */,
				1DCBAB762782C4C200D0342A /* OrionBrowserExtension.swift in Sources */,
				1DCBAB862783C2D400D0342A /* OrionBrowserExtensionError.swift in Sources */,
				1DCBAB782783642200D0342A /* MozillaExtensionManifest.swift in Sources */,
				1D8E1E47277EC9400073504C /* OrionSearchFieldController.swift in Sources */,
				1DCBAB6E27829DB300D0342A /* OrionBaseAPI.swift in Sources */,
				1D8E1E56277FABEC0073504C /* OrionSearchField.swift in Sources */,
				1D8E1E72278121710073504C /* OrionWindowController+WKUIDelegate.swift in Sources */,
				1DCBAB5327823F8F00D0342A /* OrionExtensionManager.swift in Sources */,
				1D8E1E29277E21C80073504C /* OrionWindowController.swift in Sources */,
				1DCBAB662782637E00D0342A /* OrionTopSitesAPI.swift in Sources */,
				1DCBAB602782542100D0342A /* WKUserScript+loadJavascript.swift in Sources */,
				1DCBAB882783D39800D0342A /* FileManager.swift in Sources */,
				1D8E1E44277EC03E0073504C /* OrionTabbedLocationViewController.swift in Sources */,
				1DCBAB6827827CDF00D0342A /* OrionTabbedLocationViewController+WKNavigationDelegate.swift in Sources */,
				1D8E1E38277E69D10073504C /* OrionWindowController+NSToolbarDelegate.swift in Sources */,
				1D8E1E13277E1B3B0073504C /* AppDelegate.swift in Sources */,
				1DCBAB8B2783EDA300D0342A /* NSToolbarItem.swift in Sources */,
				1D8E1E5F277FE0E00073504C /* OrionWindowController+OrionTabbedLocationViewControllerDelegate.swift in Sources */,
				1DCBAB732782AF7200D0342A /* String.swift in Sources */,
				1D8E1E34277E5C660073504C /* main.swift in Sources */,
				1D8E1E4B277F740B0073504C /* OrionDelegates.swift in Sources */,
				1D8E1E3D277E731D0073504C /* OrionMenu.swift in Sources */,
			);
			runOnlyForDeploymentPostprocessing = 0;
		};
/* End PBXSourcesBuildPhase section */

/* Begin XCBuildConfiguration section */
		1D8E1E1C277E1B3D0073504C /* Debug */ = {
			isa = XCBuildConfiguration;
			buildSettings = {
				ALWAYS_SEARCH_USER_PATHS = NO;
				CLANG_ANALYZER_NONNULL = YES;
				CLANG_ANALYZER_NUMBER_OBJECT_CONVERSION = YES_AGGRESSIVE;
				CLANG_CXX_LANGUAGE_STANDARD = "gnu++17";
				CLANG_CXX_LIBRARY = "libc++";
				CLANG_ENABLE_MODULES = YES;
				CLANG_ENABLE_OBJC_ARC = YES;
				CLANG_ENABLE_OBJC_WEAK = YES;
				CLANG_WARN_BLOCK_CAPTURE_AUTORELEASING = YES;
				CLANG_WARN_BOOL_CONVERSION = YES;
				CLANG_WARN_COMMA = YES;
				CLANG_WARN_CONSTANT_CONVERSION = YES;
				CLANG_WARN_DEPRECATED_OBJC_IMPLEMENTATIONS = YES;
				CLANG_WARN_DIRECT_OBJC_ISA_USAGE = YES_ERROR;
				CLANG_WARN_DOCUMENTATION_COMMENTS = YES;
				CLANG_WARN_EMPTY_BODY = YES;
				CLANG_WARN_ENUM_CONVERSION = YES;
				CLANG_WARN_INFINITE_RECURSION = YES;
				CLANG_WARN_INT_CONVERSION = YES;
				CLANG_WARN_NON_LITERAL_NULL_CONVERSION = YES;
				CLANG_WARN_OBJC_IMPLICIT_RETAIN_SELF = YES;
				CLANG_WARN_OBJC_LITERAL_CONVERSION = YES;
				CLANG_WARN_OBJC_ROOT_CLASS = YES_ERROR;
				CLANG_WARN_QUOTED_INCLUDE_IN_FRAMEWORK_HEADER = YES;
				CLANG_WARN_RANGE_LOOP_ANALYSIS = YES;
				CLANG_WARN_STRICT_PROTOTYPES = YES;
				CLANG_WARN_SUSPICIOUS_MOVE = YES;
				CLANG_WARN_UNGUARDED_AVAILABILITY = YES_AGGRESSIVE;
				CLANG_WARN_UNREACHABLE_CODE = YES;
				CLANG_WARN__DUPLICATE_METHOD_MATCH = YES;
				COPY_PHASE_STRIP = NO;
				DEBUG_INFORMATION_FORMAT = dwarf;
				ENABLE_STRICT_OBJC_MSGSEND = YES;
				ENABLE_TESTABILITY = YES;
				GCC_C_LANGUAGE_STANDARD = gnu11;
				GCC_DYNAMIC_NO_PIC = NO;
				GCC_NO_COMMON_BLOCKS = YES;
				GCC_OPTIMIZATION_LEVEL = 0;
				GCC_PREPROCESSOR_DEFINITIONS = (
					"DEBUG=1",
					"$(inherited)",
				);
				GCC_WARN_64_TO_32_BIT_CONVERSION = YES;
				GCC_WARN_ABOUT_RETURN_TYPE = YES_ERROR;
				GCC_WARN_UNDECLARED_SELECTOR = YES;
				GCC_WARN_UNINITIALIZED_AUTOS = YES_AGGRESSIVE;
				GCC_WARN_UNUSED_FUNCTION = YES;
				GCC_WARN_UNUSED_VARIABLE = YES;
				MACOSX_DEPLOYMENT_TARGET = 11.3;
				MTL_ENABLE_DEBUG_INFO = INCLUDE_SOURCE;
				MTL_FAST_MATH = YES;
				ONLY_ACTIVE_ARCH = YES;
				SDKROOT = macosx;
				SWIFT_ACTIVE_COMPILATION_CONDITIONS = DEBUG;
				SWIFT_OPTIMIZATION_LEVEL = "-Onone";
			};
			name = Debug;
		};
		1D8E1E1D277E1B3D0073504C /* Release */ = {
			isa = XCBuildConfiguration;
			buildSettings = {
				ALWAYS_SEARCH_USER_PATHS = NO;
				CLANG_ANALYZER_NONNULL = YES;
				CLANG_ANALYZER_NUMBER_OBJECT_CONVERSION = YES_AGGRESSIVE;
				CLANG_CXX_LANGUAGE_STANDARD = "gnu++17";
				CLANG_CXX_LIBRARY = "libc++";
				CLANG_ENABLE_MODULES = YES;
				CLANG_ENABLE_OBJC_ARC = YES;
				CLANG_ENABLE_OBJC_WEAK = YES;
				CLANG_WARN_BLOCK_CAPTURE_AUTORELEASING = YES;
				CLANG_WARN_BOOL_CONVERSION = YES;
				CLANG_WARN_COMMA = YES;
				CLANG_WARN_CONSTANT_CONVERSION = YES;
				CLANG_WARN_DEPRECATED_OBJC_IMPLEMENTATIONS = YES;
				CLANG_WARN_DIRECT_OBJC_ISA_USAGE = YES_ERROR;
				CLANG_WARN_DOCUMENTATION_COMMENTS = YES;
				CLANG_WARN_EMPTY_BODY = YES;
				CLANG_WARN_ENUM_CONVERSION = YES;
				CLANG_WARN_INFINITE_RECURSION = YES;
				CLANG_WARN_INT_CONVERSION = YES;
				CLANG_WARN_NON_LITERAL_NULL_CONVERSION = YES;
				CLANG_WARN_OBJC_IMPLICIT_RETAIN_SELF = YES;
				CLANG_WARN_OBJC_LITERAL_CONVERSION = YES;
				CLANG_WARN_OBJC_ROOT_CLASS = YES_ERROR;
				CLANG_WARN_QUOTED_INCLUDE_IN_FRAMEWORK_HEADER = YES;
				CLANG_WARN_RANGE_LOOP_ANALYSIS = YES;
				CLANG_WARN_STRICT_PROTOTYPES = YES;
				CLANG_WARN_SUSPICIOUS_MOVE = YES;
				CLANG_WARN_UNGUARDED_AVAILABILITY = YES_AGGRESSIVE;
				CLANG_WARN_UNREACHABLE_CODE = YES;
				CLANG_WARN__DUPLICATE_METHOD_MATCH = YES;
				COPY_PHASE_STRIP = NO;
				DEBUG_INFORMATION_FORMAT = "dwarf-with-dsym";
				ENABLE_NS_ASSERTIONS = NO;
				ENABLE_STRICT_OBJC_MSGSEND = YES;
				GCC_C_LANGUAGE_STANDARD = gnu11;
				GCC_NO_COMMON_BLOCKS = YES;
				GCC_WARN_64_TO_32_BIT_CONVERSION = YES;
				GCC_WARN_ABOUT_RETURN_TYPE = YES_ERROR;
				GCC_WARN_UNDECLARED_SELECTOR = YES;
				GCC_WARN_UNINITIALIZED_AUTOS = YES_AGGRESSIVE;
				GCC_WARN_UNUSED_FUNCTION = YES;
				GCC_WARN_UNUSED_VARIABLE = YES;
				MACOSX_DEPLOYMENT_TARGET = 11.3;
				MTL_ENABLE_DEBUG_INFO = NO;
				MTL_FAST_MATH = YES;
				SDKROOT = macosx;
				SWIFT_COMPILATION_MODE = wholemodule;
				SWIFT_OPTIMIZATION_LEVEL = "-O";
			};
			name = Release;
		};
		1D8E1E1F277E1B3D0073504C /* Debug */ = {
			isa = XCBuildConfiguration;
			buildSettings = {
				ASSETCATALOG_COMPILER_APPICON_NAME = AppIcon;
				ASSETCATALOG_COMPILER_GLOBAL_ACCENT_COLOR_NAME = AccentColor;
				CODE_SIGN_ENTITLEMENTS = Orion/Orion.entitlements;
				CODE_SIGN_STYLE = Automatic;
				COMBINE_HIDPI_IMAGES = YES;
				CURRENT_PROJECT_VERSION = 1;
				DEVELOPMENT_TEAM = 7924VL9N7J;
				ENABLE_HARDENED_RUNTIME = YES;
				GENERATE_INFOPLIST_FILE = YES;
				INFOPLIST_KEY_NSHumanReadableCopyright = "";
				INFOPLIST_KEY_NSPrincipalClass = NSApplication;
				LD_RUNPATH_SEARCH_PATHS = (
					"$(inherited)",
					"@executable_path/../Frameworks",
				);
				MACOSX_DEPLOYMENT_TARGET = 10.13;
				MARKETING_VERSION = 1.0;
				PRODUCT_BUNDLE_IDENTIFIER = com.cero.Orion;
				PRODUCT_NAME = "$(TARGET_NAME)";
				SWIFT_EMIT_LOC_STRINGS = YES;
				SWIFT_VERSION = 5.0;
			};
			name = Debug;
		};
		1D8E1E20277E1B3D0073504C /* Release */ = {
			isa = XCBuildConfiguration;
			buildSettings = {
				ASSETCATALOG_COMPILER_APPICON_NAME = AppIcon;
				ASSETCATALOG_COMPILER_GLOBAL_ACCENT_COLOR_NAME = AccentColor;
				CODE_SIGN_ENTITLEMENTS = Orion/Orion.entitlements;
				CODE_SIGN_STYLE = Automatic;
				COMBINE_HIDPI_IMAGES = YES;
				CURRENT_PROJECT_VERSION = 1;
				DEVELOPMENT_TEAM = 7924VL9N7J;
				ENABLE_HARDENED_RUNTIME = YES;
				GENERATE_INFOPLIST_FILE = YES;
				INFOPLIST_KEY_NSHumanReadableCopyright = "";
				INFOPLIST_KEY_NSPrincipalClass = NSApplication;
				LD_RUNPATH_SEARCH_PATHS = (
					"$(inherited)",
					"@executable_path/../Frameworks",
				);
				MACOSX_DEPLOYMENT_TARGET = 10.13;
				MARKETING_VERSION = 1.0;
				PRODUCT_BUNDLE_IDENTIFIER = com.cero.Orion;
				PRODUCT_NAME = "$(TARGET_NAME)";
				SWIFT_EMIT_LOC_STRINGS = YES;
				SWIFT_VERSION = 5.0;
			};
			name = Release;
		};
/* End XCBuildConfiguration section */

/* Begin XCConfigurationList section */
		1D8E1E0A277E1B3B0073504C /* Build configuration list for PBXProject "Orion" */ = {
			isa = XCConfigurationList;
			buildConfigurations = (
				1D8E1E1C277E1B3D0073504C /* Debug */,
				1D8E1E1D277E1B3D0073504C /* Release */,
			);
			defaultConfigurationIsVisible = 0;
			defaultConfigurationName = Release;
		};
		1D8E1E1E277E1B3D0073504C /* Build configuration list for PBXNativeTarget "Orion" */ = {
			isa = XCConfigurationList;
			buildConfigurations = (
				1D8E1E1F277E1B3D0073504C /* Debug */,
				1D8E1E20277E1B3D0073504C /* Release */,
			);
			defaultConfigurationIsVisible = 0;
			defaultConfigurationName = Release;
		};
/* End XCConfigurationList section */

/* Begin XCRemoteSwiftPackageReference section */
		1DCBAB7D2783B20E00D0342A /* XCRemoteSwiftPackageReference "ZIPFoundation" */ = {
			isa = XCRemoteSwiftPackageReference;
			repositoryURL = "https://github.com/weichsel/ZIPFoundation";
			requirement = {
				kind = upToNextMajorVersion;
				minimumVersion = 0.9.9;
			};
		};
/* End XCRemoteSwiftPackageReference section */

/* Begin XCSwiftPackageProductDependency section */
		1DCBAB7E2783B20E00D0342A /* ZIPFoundation */ = {
			isa = XCSwiftPackageProductDependency;
			package = 1DCBAB7D2783B20E00D0342A /* XCRemoteSwiftPackageReference "ZIPFoundation" */;
			productName = ZIPFoundation;
		};
/* End XCSwiftPackageProductDependency section */
	};
	rootObject = 1D8E1E07277E1B3B0073504C /* Project object */;
}
